// !$*UTF8*$!
{
	archiveVersion = 1;
	classes = {
	};
	objectVersion = 46;
	objects = {

/* Begin PBXBuildFile section */
		13B07FBC1A68108700A75B9A /* AppDelegate.m in Sources */ = {isa = PBXBuildFile; fileRef = 13B07FB01A68108700A75B9A /* AppDelegate.m */; };
		13B07FBD1A68108700A75B9A /* LaunchScreen.xib in Resources */ = {isa = PBXBuildFile; fileRef = 13B07FB11A68108700A75B9A /* LaunchScreen.xib */; };
		13B07FBF1A68108700A75B9A /* Images.xcassets in Resources */ = {isa = PBXBuildFile; fileRef = 13B07FB51A68108700A75B9A /* Images.xcassets */; };
		13B07FC11A68108700A75B9A /* main.m in Sources */ = {isa = PBXBuildFile; fileRef = 13B07FB71A68108700A75B9A /* main.m */; };
		6C30602E2244A28300708924 /* Empty.swift in Sources */ = {isa = PBXBuildFile; fileRef = 6C30602D2244A28300708924 /* Empty.swift */; };
		6CDF4CAC232A0A7A00692943 /* libRNFirebase.a in Frameworks */ = {isa = PBXBuildFile; fileRef = C8C41E632106BB5F0069B2FC /* libRNFirebase.a */; };
		6CF9EE44222DADD800B994A4 /* JavaScriptCore.framework in Frameworks */ = {isa = PBXBuildFile; fileRef = 6CF9EE10222DADD800B994A4 /* JavaScriptCore.framework */; };
		C841D4071ECD3BA7006D5EEB /* ParseBridge.m in Sources */ = {isa = PBXBuildFile; fileRef = C841D4021ECD3BA7006D5EEB /* ParseBridge.m */; };
		C841D4081ECD3BA7006D5EEB /* SettingsApp.m in Sources */ = {isa = PBXBuildFile; fileRef = C841D4041ECD3BA7006D5EEB /* SettingsApp.m */; };
		C841D40F1ECD3BDA006D5EEB /* Bolts.framework in Frameworks */ = {isa = PBXBuildFile; fileRef = C841D40C1ECD3BDA006D5EEB /* Bolts.framework */; };
		C841D4101ECD3BDA006D5EEB /* Parse.framework in Frameworks */ = {isa = PBXBuildFile; fileRef = C841D40D1ECD3BDA006D5EEB /* Parse.framework */; };
		C841D4131ECE0BD5006D5EEB /* libsqlite3.0.tbd in Frameworks */ = {isa = PBXBuildFile; fileRef = C841D4121ECE0BD5006D5EEB /* libsqlite3.0.tbd */; };
		C85535A41F607615006AAF31 /* GoogleService-Info.plist in Resources */ = {isa = PBXBuildFile; fileRef = C85535A31F607615006AAF31 /* GoogleService-Info.plist */; };
		E0072F8AFE7064A6D9E1367E /* libPods-ColorChat.a in Frameworks */ = {isa = PBXBuildFile; fileRef = F08C1D259C652674BF8D0BB4 /* libPods-ColorChat.a */; };
/* End PBXBuildFile section */

/* Begin PBXContainerItemProxy section */
		C8C41E622106BB5F0069B2FC /* PBXContainerItemProxy */ = {
			isa = PBXContainerItemProxy;
			containerPortal = 098F76C6A9E54ECB9C336C53 /* RNFirebase.xcodeproj */;
			proxyType = 2;
			remoteGlobalIDString = 134814201AA4EA6300B7C361;
			remoteInfo = RNFirebase;
		};
		C8C41ECA2106FD7B0069B2FC /* PBXContainerItemProxy */ = {
			isa = PBXContainerItemProxy;
			containerPortal = 38DCD9A59B5840F18CEB6AE6 /* SendSMS.xcodeproj */;
			proxyType = 2;
			remoteGlobalIDString = 95688E1A1D38251600F72D63;
			remoteInfo = SendSMS;
		};
/* End PBXContainerItemProxy section */

/* Begin PBXFileReference section */
		008F07F21AC5B25A0029DE68 /* main.jsbundle */ = {isa = PBXFileReference; fileEncoding = 4; lastKnownFileType = text; path = main.jsbundle; sourceTree = "<group>"; };
		00E356F11AD99517003FC87E /* Info.plist */ = {isa = PBXFileReference; lastKnownFileType = text.plist.xml; path = Info.plist; sourceTree = "<group>"; };
		00E356F21AD99517003FC87E /* ColorChatTests.m */ = {isa = PBXFileReference; lastKnownFileType = sourcecode.c.objc; path = ColorChatTests.m; sourceTree = "<group>"; };
		098F76C6A9E54ECB9C336C53 /* RNFirebase.xcodeproj */ = {isa = PBXFileReference; explicitFileType = undefined; fileEncoding = 9; includeInIndex = 0; lastKnownFileType = "wrapper.pb-project"; name = RNFirebase.xcodeproj; path = "../node_modules/react-native-firebase/ios/RNFirebase.xcodeproj"; sourceTree = "<group>"; };
		0E760EFF1704E546880FC7C9 /* libPods-ColorChatTests.a */ = {isa = PBXFileReference; explicitFileType = archive.ar; includeInIndex = 0; path = "libPods-ColorChatTests.a"; sourceTree = BUILT_PRODUCTS_DIR; };
		13B07F961A680F5B00A75B9A /* ColorChat.app */ = {isa = PBXFileReference; explicitFileType = wrapper.application; includeInIndex = 0; path = ColorChat.app; sourceTree = BUILT_PRODUCTS_DIR; };
		13B07FAF1A68108700A75B9A /* AppDelegate.h */ = {isa = PBXFileReference; fileEncoding = 4; lastKnownFileType = sourcecode.c.h; name = AppDelegate.h; path = ColorChat/AppDelegate.h; sourceTree = "<group>"; };
		13B07FB01A68108700A75B9A /* AppDelegate.m */ = {isa = PBXFileReference; fileEncoding = 4; lastKnownFileType = sourcecode.c.objc; name = AppDelegate.m; path = ColorChat/AppDelegate.m; sourceTree = "<group>"; };
		13B07FB21A68108700A75B9A /* Base */ = {isa = PBXFileReference; lastKnownFileType = file.xib; name = Base; path = Base.lproj/LaunchScreen.xib; sourceTree = "<group>"; };
		13B07FB51A68108700A75B9A /* Images.xcassets */ = {isa = PBXFileReference; lastKnownFileType = folder.assetcatalog; name = Images.xcassets; path = ColorChat/Images.xcassets; sourceTree = "<group>"; };
		13B07FB61A68108700A75B9A /* Info.plist */ = {isa = PBXFileReference; fileEncoding = 4; lastKnownFileType = text.plist.xml; name = Info.plist; path = ColorChat/Info.plist; sourceTree = "<group>"; };
		13B07FB71A68108700A75B9A /* main.m */ = {isa = PBXFileReference; fileEncoding = 4; lastKnownFileType = sourcecode.c.objc; name = main.m; path = ColorChat/main.m; sourceTree = "<group>"; };
		38DCD9A59B5840F18CEB6AE6 /* SendSMS.xcodeproj */ = {isa = PBXFileReference; explicitFileType = undefined; fileEncoding = 9; includeInIndex = 0; lastKnownFileType = "wrapper.pb-project"; name = SendSMS.xcodeproj; path = "../node_modules/react-native-sms/SendSMS.xcodeproj"; sourceTree = "<group>"; };
		4794F251534389E2C288B329 /* Pods-ColorChat.release.xcconfig */ = {isa = PBXFileReference; includeInIndex = 1; lastKnownFileType = text.xcconfig; name = "Pods-ColorChat.release.xcconfig"; path = "Pods/Target Support Files/Pods-ColorChat/Pods-ColorChat.release.xcconfig"; sourceTree = "<group>"; };
		6AB3733FAF5C53F9BC3905F8 /* Pods-ColorChatTests.debug.xcconfig */ = {isa = PBXFileReference; includeInIndex = 1; lastKnownFileType = text.xcconfig; name = "Pods-ColorChatTests.debug.xcconfig"; path = "Pods/Target Support Files/Pods-ColorChatTests/Pods-ColorChatTests.debug.xcconfig"; sourceTree = "<group>"; };
		6C30602C2244A28200708924 /* ColorChat-Bridging-Header.h */ = {isa = PBXFileReference; lastKnownFileType = sourcecode.c.h; path = "ColorChat-Bridging-Header.h"; sourceTree = "<group>"; };
		6C30602D2244A28300708924 /* Empty.swift */ = {isa = PBXFileReference; lastKnownFileType = sourcecode.swift; path = Empty.swift; sourceTree = "<group>"; };
		6CF9EE10222DADD800B994A4 /* JavaScriptCore.framework */ = {isa = PBXFileReference; lastKnownFileType = wrapper.framework; name = JavaScriptCore.framework; path = System/Library/Frameworks/JavaScriptCore.framework; sourceTree = SDKROOT; };
		6CF9EEAF222DF37300B994A4 /* libreact-native-sqlite-storage.a */ = {isa = PBXFileReference; explicitFileType = archive.ar; path = "libreact-native-sqlite-storage.a"; sourceTree = BUILT_PRODUCTS_DIR; };
		BFA83DFB075120947C9BCDFB /* Pods-ColorChatTests.release.xcconfig */ = {isa = PBXFileReference; includeInIndex = 1; lastKnownFileType = text.xcconfig; name = "Pods-ColorChatTests.release.xcconfig"; path = "Pods/Target Support Files/Pods-ColorChatTests/Pods-ColorChatTests.release.xcconfig"; sourceTree = "<group>"; };
		C80402CD1F605FD7004D6DAB /* ColorChat.entitlements */ = {isa = PBXFileReference; lastKnownFileType = text.plist.entitlements; name = ColorChat.entitlements; path = ColorChat/ColorChat.entitlements; sourceTree = "<group>"; };
		C841D4011ECD3BA7006D5EEB /* ParseBridge.h */ = {isa = PBXFileReference; fileEncoding = 4; lastKnownFileType = sourcecode.c.h; name = ParseBridge.h; path = ColorChat/ParseBridge.h; sourceTree = "<group>"; };
		C841D4021ECD3BA7006D5EEB /* ParseBridge.m */ = {isa = PBXFileReference; fileEncoding = 4; lastKnownFileType = sourcecode.c.objc; name = ParseBridge.m; path = ColorChat/ParseBridge.m; sourceTree = "<group>"; };
		C841D4031ECD3BA7006D5EEB /* SettingsApp.h */ = {isa = PBXFileReference; fileEncoding = 4; lastKnownFileType = sourcecode.c.h; name = SettingsApp.h; path = ColorChat/SettingsApp.h; sourceTree = "<group>"; };
		C841D4041ECD3BA7006D5EEB /* SettingsApp.m */ = {isa = PBXFileReference; fileEncoding = 4; lastKnownFileType = sourcecode.c.objc; name = SettingsApp.m; path = ColorChat/SettingsApp.m; sourceTree = "<group>"; };
		C841D40C1ECD3BDA006D5EEB /* Bolts.framework */ = {isa = PBXFileReference; lastKnownFileType = wrapper.framework; name = Bolts.framework; path = Frameworks/Bolts.framework; sourceTree = "<group>"; };
		C841D40D1ECD3BDA006D5EEB /* Parse.framework */ = {isa = PBXFileReference; lastKnownFileType = wrapper.framework; name = Parse.framework; path = Frameworks/Parse.framework; sourceTree = "<group>"; };
		C841D4121ECE0BD5006D5EEB /* libsqlite3.0.tbd */ = {isa = PBXFileReference; lastKnownFileType = "sourcecode.text-based-dylib-definition"; name = libsqlite3.0.tbd; path = usr/lib/libsqlite3.0.tbd; sourceTree = SDKROOT; };
		C85535A31F607615006AAF31 /* GoogleService-Info.plist */ = {isa = PBXFileReference; fileEncoding = 4; lastKnownFileType = text.plist.xml; name = "GoogleService-Info.plist"; path = "ColorChat/GoogleService-Info.plist"; sourceTree = "<group>"; };
		F08C1D259C652674BF8D0BB4 /* libPods-ColorChat.a */ = {isa = PBXFileReference; explicitFileType = archive.ar; includeInIndex = 0; path = "libPods-ColorChat.a"; sourceTree = BUILT_PRODUCTS_DIR; };
		FEB83A14EED13D4EABFFD345 /* Pods-ColorChat.debug.xcconfig */ = {isa = PBXFileReference; includeInIndex = 1; lastKnownFileType = text.xcconfig; name = "Pods-ColorChat.debug.xcconfig"; path = "Pods/Target Support Files/Pods-ColorChat/Pods-ColorChat.debug.xcconfig"; sourceTree = "<group>"; };
/* End PBXFileReference section */

/* Begin PBXFrameworksBuildPhase section */
		13B07F8C1A680F5B00A75B9A /* Frameworks */ = {
			isa = PBXFrameworksBuildPhase;
			buildActionMask = 2147483647;
			files = (
				6CF9EE44222DADD800B994A4 /* JavaScriptCore.framework in Frameworks */,
				C841D4131ECE0BD5006D5EEB /* libsqlite3.0.tbd in Frameworks */,
				C841D40F1ECD3BDA006D5EEB /* Bolts.framework in Frameworks */,
				C841D4101ECD3BDA006D5EEB /* Parse.framework in Frameworks */,
				E0072F8AFE7064A6D9E1367E /* libPods-ColorChat.a in Frameworks */,
				6CDF4CAC232A0A7A00692943 /* libRNFirebase.a in Frameworks */,
			);
			runOnlyForDeploymentPostprocessing = 0;
		};
/* End PBXFrameworksBuildPhase section */

/* Begin PBXGroup section */
		00E356EF1AD99517003FC87E /* ColorChatTests */ = {
			isa = PBXGroup;
			children = (
				00E356F21AD99517003FC87E /* ColorChatTests.m */,
				00E356F01AD99517003FC87E /* Supporting Files */,
			);
			path = ColorChatTests;
			sourceTree = "<group>";
		};
		00E356F01AD99517003FC87E /* Supporting Files */ = {
			isa = PBXGroup;
			children = (
				00E356F11AD99517003FC87E /* Info.plist */,
			);
			name = "Supporting Files";
			sourceTree = "<group>";
		};
		13B07FAE1A68108700A75B9A /* ColorChat */ = {
			isa = PBXGroup;
			children = (
				C80402CD1F605FD7004D6DAB /* ColorChat.entitlements */,
				008F07F21AC5B25A0029DE68 /* main.jsbundle */,
				13B07FAF1A68108700A75B9A /* AppDelegate.h */,
				13B07FB01A68108700A75B9A /* AppDelegate.m */,
				6C30602D2244A28300708924 /* Empty.swift */,
				13B07FB51A68108700A75B9A /* Images.xcassets */,
				C841D4011ECD3BA7006D5EEB /* ParseBridge.h */,
				C841D4021ECD3BA7006D5EEB /* ParseBridge.m */,
				C841D4031ECD3BA7006D5EEB /* SettingsApp.h */,
				C841D4041ECD3BA7006D5EEB /* SettingsApp.m */,
				13B07FB61A68108700A75B9A /* Info.plist */,
				C85535A31F607615006AAF31 /* GoogleService-Info.plist */,
				13B07FB11A68108700A75B9A /* LaunchScreen.xib */,
				13B07FB71A68108700A75B9A /* main.m */,
				6C30602C2244A28200708924 /* ColorChat-Bridging-Header.h */,
			);
			name = ColorChat;
			sourceTree = "<group>";
		};
		832341AE1AAA6A7D00B99B32 /* Libraries */ = {
			isa = PBXGroup;
			children = (
				098F76C6A9E54ECB9C336C53 /* RNFirebase.xcodeproj */,
				38DCD9A59B5840F18CEB6AE6 /* SendSMS.xcodeproj */,
			);
			name = Libraries;
			sourceTree = "<group>";
		};
		83CBB9F61A601CBA00E9B192 = {
			isa = PBXGroup;
			children = (
				13B07FAE1A68108700A75B9A /* ColorChat */,
				832341AE1AAA6A7D00B99B32 /* Libraries */,
				00E356EF1AD99517003FC87E /* ColorChatTests */,
				83CBBA001A601CBA00E9B192 /* Products */,
				C841D40B1ECD3BD9006D5EEB /* Frameworks */,
				E8EA629E492C161DB22589BE /* Pods */,
				9FDE399F37744885BC7FA619 /* Resources */,
			);
			indentWidth = 2;
			sourceTree = "<group>";
			tabWidth = 2;
			usesTabs = 0;
		};
		83CBBA001A601CBA00E9B192 /* Products */ = {
			isa = PBXGroup;
			children = (
				13B07F961A680F5B00A75B9A /* ColorChat.app */,
			);
			name = Products;
			sourceTree = "<group>";
		};
		9FDE399F37744885BC7FA619 /* Resources */ = {
			isa = PBXGroup;
			children = (
			);
			name = Resources;
			sourceTree = "<group>";
		};
		C841D40B1ECD3BD9006D5EEB /* Frameworks */ = {
			isa = PBXGroup;
			children = (
				6CF9EE10222DADD800B994A4 /* JavaScriptCore.framework */,
				C841D4121ECE0BD5006D5EEB /* libsqlite3.0.tbd */,
				C841D40C1ECD3BDA006D5EEB /* Bolts.framework */,
				C841D40D1ECD3BDA006D5EEB /* Parse.framework */,
				F08C1D259C652674BF8D0BB4 /* libPods-ColorChat.a */,
				0E760EFF1704E546880FC7C9 /* libPods-ColorChatTests.a */,
				6CF9EEAF222DF37300B994A4 /* libreact-native-sqlite-storage.a */,
			);
			name = Frameworks;
			sourceTree = "<group>";
		};
		C8C41E5F2106BB5F0069B2FC /* Products */ = {
			isa = PBXGroup;
			children = (
				C8C41E632106BB5F0069B2FC /* libRNFirebase.a */,
			);
			name = Products;
			sourceTree = "<group>";
		};
		C8C41EC72106FD7A0069B2FC /* Products */ = {
			isa = PBXGroup;
			children = (
				C8C41ECB2106FD7B0069B2FC /* libSendSMS.a */,
			);
			name = Products;
			sourceTree = "<group>";
		};
		E8EA629E492C161DB22589BE /* Pods */ = {
			isa = PBXGroup;
			children = (
				FEB83A14EED13D4EABFFD345 /* Pods-ColorChat.debug.xcconfig */,
				4794F251534389E2C288B329 /* Pods-ColorChat.release.xcconfig */,
				6AB3733FAF5C53F9BC3905F8 /* Pods-ColorChatTests.debug.xcconfig */,
				BFA83DFB075120947C9BCDFB /* Pods-ColorChatTests.release.xcconfig */,
			);
			name = Pods;
			sourceTree = "<group>";
		};
/* End PBXGroup section */

/* Begin PBXNativeTarget section */
		13B07F861A680F5B00A75B9A /* ColorChat */ = {
			isa = PBXNativeTarget;
			buildConfigurationList = 13B07F931A680F5B00A75B9A /* Build configuration list for PBXNativeTarget "ColorChat" */;
			buildPhases = (
				5485513531F30BF26BA257E0 /* [CP] Check Pods Manifest.lock */,
				13B07F871A680F5B00A75B9A /* Sources */,
				13B07F8C1A680F5B00A75B9A /* Frameworks */,
				13B07F8E1A680F5B00A75B9A /* Resources */,
				00DD1BFF1BD5951E006B06BC /* Bundle React Native code and images */,
			);
			buildRules = (
			);
			dependencies = (
			);
			name = ColorChat;
			productName = "Hello World";
			productReference = 13B07F961A680F5B00A75B9A /* ColorChat.app */;
			productType = "com.apple.product-type.application";
		};
/* End PBXNativeTarget section */

/* Begin PBXProject section */
		83CBB9F71A601CBA00E9B192 /* Project object */ = {
			isa = PBXProject;
			attributes = {
				LastUpgradeCheck = 610;
				ORGANIZATIONNAME = Facebook;
				TargetAttributes = {
					13B07F861A680F5B00A75B9A = {
						DevelopmentTeam = GXRKD3PLUA;
						LastSwiftMigration = 1010;
						SystemCapabilities = {
							com.apple.Keychain = {
								enabled = 1;
							};
							com.apple.Push = {
								enabled = 1;
							};
						};
					};
				};
			};
			buildConfigurationList = 83CBB9FA1A601CBA00E9B192 /* Build configuration list for PBXProject "ColorChat" */;
			compatibilityVersion = "Xcode 3.2";
			developmentRegion = English;
			hasScannedForEncodings = 0;
			knownRegions = (
				English,
				en,
				Base,
			);
			mainGroup = 83CBB9F61A601CBA00E9B192;
			productRefGroup = 83CBBA001A601CBA00E9B192 /* Products */;
			projectDirPath = "";
			projectReferences = (
				{
					ProductGroup = C8C41E5F2106BB5F0069B2FC /* Products */;
					ProjectRef = 098F76C6A9E54ECB9C336C53 /* RNFirebase.xcodeproj */;
				},
				{
					ProductGroup = C8C41EC72106FD7A0069B2FC /* Products */;
					ProjectRef = 38DCD9A59B5840F18CEB6AE6 /* SendSMS.xcodeproj */;
				},
			);
			projectRoot = "";
			targets = (
				13B07F861A680F5B00A75B9A /* ColorChat */,
			);
		};
/* End PBXProject section */

/* Begin PBXReferenceProxy section */
		C8C41E632106BB5F0069B2FC /* libRNFirebase.a */ = {
			isa = PBXReferenceProxy;
			fileType = archive.ar;
			path = libRNFirebase.a;
			remoteRef = C8C41E622106BB5F0069B2FC /* PBXContainerItemProxy */;
			sourceTree = BUILT_PRODUCTS_DIR;
		};
		C8C41ECB2106FD7B0069B2FC /* libSendSMS.a */ = {
			isa = PBXReferenceProxy;
			fileType = archive.ar;
			path = libSendSMS.a;
			remoteRef = C8C41ECA2106FD7B0069B2FC /* PBXContainerItemProxy */;
			sourceTree = BUILT_PRODUCTS_DIR;
		};
/* End PBXReferenceProxy section */

/* Begin PBXResourcesBuildPhase section */
		13B07F8E1A680F5B00A75B9A /* Resources */ = {
			isa = PBXResourcesBuildPhase;
			buildActionMask = 2147483647;
			files = (
				13B07FBF1A68108700A75B9A /* Images.xcassets in Resources */,
				C85535A41F607615006AAF31 /* GoogleService-Info.plist in Resources */,
				13B07FBD1A68108700A75B9A /* LaunchScreen.xib in Resources */,
			);
			runOnlyForDeploymentPostprocessing = 0;
		};
/* End PBXResourcesBuildPhase section */

/* Begin PBXShellScriptBuildPhase section */
		00DD1BFF1BD5951E006B06BC /* Bundle React Native code and images */ = {
			isa = PBXShellScriptBuildPhase;
			buildActionMask = 2147483647;
			files = (
			);
			inputPaths = (
			);
			name = "Bundle React Native code and images";
			outputPaths = (
			);
			runOnlyForDeploymentPostprocessing = 0;
			shellPath = /bin/sh;
			shellScript = "export NODE_BINARY=node\n../node_modules/react-native/scripts/react-native-xcode.sh\n";
		};
		5485513531F30BF26BA257E0 /* [CP] Check Pods Manifest.lock */ = {
			isa = PBXShellScriptBuildPhase;
			buildActionMask = 2147483647;
			files = (
			);
			inputPaths = (
				"${PODS_PODFILE_DIR_PATH}/Podfile.lock",
				"${PODS_ROOT}/Manifest.lock",
			);
			name = "[CP] Check Pods Manifest.lock";
			outputPaths = (
				"$(DERIVED_FILE_DIR)/Pods-ColorChat-checkManifestLockResult.txt",
			);
			runOnlyForDeploymentPostprocessing = 0;
			shellPath = /bin/sh;
			shellScript = "diff \"${PODS_PODFILE_DIR_PATH}/Podfile.lock\" \"${PODS_ROOT}/Manifest.lock\" > /dev/null\nif [ $? != 0 ] ; then\n    # print error to STDERR\n    echo \"error: The sandbox is not in sync with the Podfile.lock. Run 'pod install' or update your CocoaPods installation.\" >&2\n    exit 1\nfi\n# This output is used by Xcode 'outputs' to avoid re-running this script phase.\necho \"SUCCESS\" > \"${SCRIPT_OUTPUT_FILE_0}\"\n";
			showEnvVarsInLog = 0;
		};
/* End PBXShellScriptBuildPhase section */

/* Begin PBXSourcesBuildPhase section */
		13B07F871A680F5B00A75B9A /* Sources */ = {
			isa = PBXSourcesBuildPhase;
			buildActionMask = 2147483647;
			files = (
				C841D4081ECD3BA7006D5EEB /* SettingsApp.m in Sources */,
				13B07FBC1A68108700A75B9A /* AppDelegate.m in Sources */,
				6C30602E2244A28300708924 /* Empty.swift in Sources */,
				C841D4071ECD3BA7006D5EEB /* ParseBridge.m in Sources */,
				13B07FC11A68108700A75B9A /* main.m in Sources */,
			);
			runOnlyForDeploymentPostprocessing = 0;
		};
/* End PBXSourcesBuildPhase section */

/* Begin PBXVariantGroup section */
		13B07FB11A68108700A75B9A /* LaunchScreen.xib */ = {
			isa = PBXVariantGroup;
			children = (
				13B07FB21A68108700A75B9A /* Base */,
			);
			name = LaunchScreen.xib;
			path = ColorChat;
			sourceTree = "<group>";
		};
/* End PBXVariantGroup section */

/* Begin XCBuildConfiguration section */
		13B07F941A680F5B00A75B9A /* Debug */ = {
			isa = XCBuildConfiguration;
			baseConfigurationReference = FEB83A14EED13D4EABFFD345 /* Pods-ColorChat.debug.xcconfig */;
			buildSettings = {
				ASSETCATALOG_COMPILER_APPICON_NAME = AppIcon;
				CLANG_ENABLE_MODULES = YES;
				CODE_SIGN_ENTITLEMENTS = ColorChat/ColorChat.entitlements;
				DEAD_CODE_STRIPPING = NO;
				DEVELOPMENT_TEAM = GXRKD3PLUA;
				FRAMEWORK_SEARCH_PATHS = (
					"$(inherited)",
					"$(PROJECT_DIR)/Frameworks",
				);
				HEADER_SEARCH_PATHS = (
					"$(inherited)",
					/Applications/Xcode.app/Contents/Developer/Toolchains/XcodeDefault.xctoolchain/usr/include,
					"$(SRCROOT)/../node_modules/react-native/React/**",
					"$(SRCROOT)/../node_modules/react-native-fcm/ios",
					"$(SRCROOT)/../node_modules/react-native/Libraries/PushNotificationIOS",
					"$(SRCROOT)/../node_modules/react-native-firebase/ios/RNFirebase/**",
					"$(SRCROOT)/../node_modules/react-native-sms/SendSMS",
				);
				INFOPLIST_FILE = ColorChat/Info.plist;
				IPHONEOS_DEPLOYMENT_TARGET = 9.0;
				LD_RUNPATH_SEARCH_PATHS = "$(inherited) @executable_path/Frameworks";
				OTHER_LDFLAGS = (
					"$(inherited)",
					"-ObjC",
					"-lc++",
				);
				PRODUCT_BUNDLE_IDENTIFIER = com.soft.ColorChat;
				PRODUCT_NAME = ColorChat;
				SWIFT_OBJC_BRIDGING_HEADER = "ColorChat-Bridging-Header.h";
				SWIFT_OPTIMIZATION_LEVEL = "-Onone";
				SWIFT_VERSION = 4.2;
			};
			name = Debug;
		};
		13B07F951A680F5B00A75B9A /* Release */ = {
			isa = XCBuildConfiguration;
			baseConfigurationReference = 4794F251534389E2C288B329 /* Pods-ColorChat.release.xcconfig */;
			buildSettings = {
				ASSETCATALOG_COMPILER_APPICON_NAME = AppIcon;
				CLANG_ENABLE_MODULES = YES;
				CODE_SIGN_ENTITLEMENTS = ColorChat/ColorChat.entitlements;
				DEAD_CODE_STRIPPING = YES;
				DEVELOPMENT_TEAM = GXRKD3PLUA;
				FRAMEWORK_SEARCH_PATHS = (
					"$(inherited)",
					"$(PROJECT_DIR)/Frameworks",
				);
				HEADER_SEARCH_PATHS = (
					"$(inherited)",
					/Applications/Xcode.app/Contents/Developer/Toolchains/XcodeDefault.xctoolchain/usr/include,
					"$(SRCROOT)/../node_modules/react-native/React/**",
					"$(SRCROOT)/../node_modules/react-native-fcm/ios",
					"$(SRCROOT)/../node_modules/react-native/Libraries/PushNotificationIOS",
					"$(SRCROOT)/../node_modules/react-native-firebase/ios/RNFirebase/**",
					"$(SRCROOT)/../node_modules/react-native-sms/SendSMS",
				);
				INFOPLIST_FILE = ColorChat/Info.plist;
				IPHONEOS_DEPLOYMENT_TARGET = 9.0;
				LD_RUNPATH_SEARCH_PATHS = "$(inherited) @executable_path/Frameworks";
				OTHER_LDFLAGS = (
					"$(inherited)",
					"-ObjC",
					"-lc++",
				);
				PRODUCT_BUNDLE_IDENTIFIER = com.soft.ColorChat;
				PRODUCT_NAME = ColorChat;
				SWIFT_OBJC_BRIDGING_HEADER = "ColorChat-Bridging-Header.h";
				SWIFT_VERSION = 4.2;
			};
			name = Release;
		};
		83CBBA201A601CBA00E9B192 /* Debug */ = {
			isa = XCBuildConfiguration;
			buildSettings = {
				ALWAYS_SEARCH_USER_PATHS = NO;
				CLANG_CXX_LANGUAGE_STANDARD = "gnu++0x";
				CLANG_CXX_LIBRARY = "libc++";
				CLANG_ENABLE_MODULES = YES;
				CLANG_ENABLE_OBJC_ARC = YES;
				CLANG_WARN_BOOL_CONVERSION = YES;
				CLANG_WARN_CONSTANT_CONVERSION = YES;
				CLANG_WARN_DIRECT_OBJC_ISA_USAGE = YES_ERROR;
				CLANG_WARN_EMPTY_BODY = YES;
				CLANG_WARN_ENUM_CONVERSION = YES;
				CLANG_WARN_INT_CONVERSION = YES;
				CLANG_WARN_OBJC_ROOT_CLASS = YES_ERROR;
				CLANG_WARN_UNREACHABLE_CODE = YES;
				CLANG_WARN__DUPLICATE_METHOD_MATCH = YES;
				"CODE_SIGN_IDENTITY[sdk=iphoneos*]" = "iPhone Developer";
				COPY_PHASE_STRIP = NO;
				ENABLE_STRICT_OBJC_MSGSEND = YES;
				GCC_C_LANGUAGE_STANDARD = gnu99;
				GCC_DYNAMIC_NO_PIC = NO;
				GCC_OPTIMIZATION_LEVEL = 0;
				GCC_PREPROCESSOR_DEFINITIONS = (
					"DEBUG=1",
					"$(inherited)",
				);
				GCC_SYMBOLS_PRIVATE_EXTERN = NO;
				GCC_WARN_64_TO_32_BIT_CONVERSION = YES;
				GCC_WARN_ABOUT_RETURN_TYPE = YES_ERROR;
				GCC_WARN_UNDECLARED_SELECTOR = YES;
				GCC_WARN_UNINITIALIZED_AUTOS = YES_AGGRESSIVE;
				GCC_WARN_UNUSED_FUNCTION = YES;
				GCC_WARN_UNUSED_VARIABLE = YES;
				HEADER_SEARCH_PATHS = (
					"$(inherited)",
					/Applications/Xcode.app/Contents/Developer/Toolchains/XcodeDefault.xctoolchain/usr/include,
					"$(SRCROOT)/../node_modules/react-native/React/**",
				);
				IPHONEOS_DEPLOYMENT_TARGET = 7.0;
				MTL_ENABLE_DEBUG_INFO = YES;
				ONLY_ACTIVE_ARCH = YES;
				SDKROOT = iphoneos;
			};
			name = Debug;
		};
		83CBBA211A601CBA00E9B192 /* Release */ = {
			isa = XCBuildConfiguration;
			buildSettings = {
				ALWAYS_SEARCH_USER_PATHS = NO;
				CLANG_CXX_LANGUAGE_STANDARD = "gnu++0x";
				CLANG_CXX_LIBRARY = "libc++";
				CLANG_ENABLE_MODULES = YES;
				CLANG_ENABLE_OBJC_ARC = YES;
				CLANG_WARN_BOOL_CONVERSION = YES;
				CLANG_WARN_CONSTANT_CONVERSION = YES;
				CLANG_WARN_DIRECT_OBJC_ISA_USAGE = YES_ERROR;
				CLANG_WARN_EMPTY_BODY = YES;
				CLANG_WARN_ENUM_CONVERSION = YES;
				CLANG_WARN_INT_CONVERSION = YES;
				CLANG_WARN_OBJC_ROOT_CLASS = YES_ERROR;
				CLANG_WARN_UNREACHABLE_CODE = YES;
				CLANG_WARN__DUPLICATE_METHOD_MATCH = YES;
				"CODE_SIGN_IDENTITY[sdk=iphoneos*]" = "iPhone Developer";
				COPY_PHASE_STRIP = YES;
				ENABLE_NS_ASSERTIONS = NO;
				ENABLE_STRICT_OBJC_MSGSEND = YES;
				GCC_C_LANGUAGE_STANDARD = gnu99;
				GCC_WARN_64_TO_32_BIT_CONVERSION = YES;
				GCC_WARN_ABOUT_RETURN_TYPE = YES_ERROR;
				GCC_WARN_UNDECLARED_SELECTOR = YES;
				GCC_WARN_UNINITIALIZED_AUTOS = YES_AGGRESSIVE;
				GCC_WARN_UNUSED_FUNCTION = YES;
				GCC_WARN_UNUSED_VARIABLE = YES;
				HEADER_SEARCH_PATHS = (
					"$(inherited)",
					/Applications/Xcode.app/Contents/Developer/Toolchains/XcodeDefault.xctoolchain/usr/include,
					"$(SRCROOT)/../node_modules/react-native/React/**",
				);
				IPHONEOS_DEPLOYMENT_TARGET = 7.0;
				MTL_ENABLE_DEBUG_INFO = NO;
				SDKROOT = iphoneos;
				VALIDATE_PRODUCT = YES;
			};
			name = Release;
		};
/* End XCBuildConfiguration section */

/* Begin XCConfigurationList section */
		13B07F931A680F5B00A75B9A /* Build configuration list for PBXNativeTarget "ColorChat" */ = {
			isa = XCConfigurationList;
			buildConfigurations = (
				13B07F941A680F5B00A75B9A /* Debug */,
				13B07F951A680F5B00A75B9A /* Release */,
			);
			defaultConfigurationIsVisible = 0;
			defaultConfigurationName = Release;
		};
		83CBB9FA1A601CBA00E9B192 /* Build configuration list for PBXProject "ColorChat" */ = {
			isa = XCConfigurationList;
			buildConfigurations = (
				83CBBA201A601CBA00E9B192 /* Debug */,
				83CBBA211A601CBA00E9B192 /* Release */,
			);
			defaultConfigurationIsVisible = 0;
			defaultConfigurationName = Release;
		};
/* End XCConfigurationList section */
	};
	rootObject = 83CBB9F71A601CBA00E9B192 /* Project object */;
}
